
Microsoft Visual Studio Solution File, Format Version 12.00
Project("{FAE04EC0-301F-11D3-BF4B-00C04F79EFBC}") = "JohannesWebApplication", "JohannesWebApplication.csproj", "{60417513-CEE2-4FFE-B79F-3C4769922665}"
EndProject
Global
	GlobalSection(SolutionConfigurationPlatforms) = preSolution
		Debug|Any CPU = Debug|Any CPU
		Release|Any CPU = Release|Any CPU
	EndGlobalSection
	GlobalSection(ProjectConfigurationPlatforms) = postSolution
		{60417513-CEE2-4FFE-B79F-3C4769922665}.Debug|Any CPU.ActiveCfg = Debug|Any CPU
		{60417513-CEE2-4FFE-B79F-3C4769922665}.Debug|Any CPU.Build.0 = Debug|Any CPU
		{60417513-CEE2-4FFE-B79F-3C4769922665}.Release|Any CPU.ActiveCfg = Release|Any CPU
		{60417513-CEE2-4FFE-B79F-3C4769922665}.Release|Any CPU.Build.0 = Release|Any CPU
	EndGlobalSection
EndGlobal
